# This file is automatically @generated by Cargo.
# It is not intended for manual editing.
version = 3

[[package]]
name = "anyhow"
version = "1.0.92"
source = "registry+https://github.com/rust-lang/crates.io-index"
checksum = "74f37166d7d48a0284b99dd824694c26119c700b53bf0d1540cdb147dbdaaf13"

[[package]]
name = "libc"
version = "0.2.161"
source = "registry+https://github.com/rust-lang/crates.io-index"
checksum = "8e9489c2807c139ffd9c1794f4af0ebe86a828db53ecdc7fea2111d0fed085d1"

[[package]]
name = "log"
version = "0.4.22"
source = "registry+https://github.com/rust-lang/crates.io-index"
checksum = "a7a70ba024b9dc04c27ea2f0c0548feb474ec5c54bba33a7f72f873a39d07b24"

[[package]]
name = "perf-rs"
version = "0.1.0"
dependencies = [
 "anyhow",
 "libc",
 "log",
]
